<?xml version="1.0" encoding="utf-8"?>
<Project ToolsVersion="4.0" xmlns="http://schemas.microsoft.com/developer/msbuild/2003">
  <ItemGroup>
    <Filter Include="소스 파일">
      <UniqueIdentifier>{4FC737F1-C7A5-4376-A066-2A32D752A2FF}</UniqueIdentifier>
      <Extensions>cpp;c;cc;cxx;def;odl;idl;hpj;bat;asm;asmx</Extensions>
    </Filter>
    <Filter Include="헤더 파일">
      <UniqueIdentifier>{93995380-89BD-4b04-88EB-625FBE52EBFB}</UniqueIdentifier>
      <Extensions>h;hh;hpp;hxx;hm;inl;inc;xsd</Extensions>
    </Filter>
    <Filter Include="리소스 파일">
      <UniqueIdentifier>{67DA6AB6-F800-4c08-8B7A-83BB121AAD01}</UniqueIdentifier>
      <Extensions>rc;ico;cur;bmp;dlg;rc2;rct;bin;rgs;gif;jpg;jpeg;jpe;resx;tiff;tif;png;wav;mfcribbon-ms</Extensions>
    </Filter>
  </ItemGroup>
  <ItemGroup>
    <ClInclude Include="SchoolLIfeProject.h">
      <Filter>헤더 파일</Filter>
    </ClInclude>
    <ClInclude Include="SchoolLIfeProjectDlg.h">
      <Filter>헤더 파일</Filter>
    </ClInclude>
    <ClInclude Include="stdafx.h">
      <Filter>헤더 파일</Filter>
    </ClInclude>
    <ClInclude Include="targetver.h">
      <Filter>헤더 파일</Filter>
    </ClInclude>
    <ClInclude Include="resource.h">
      <Filter>헤더 파일</Filter>
    </ClInclude>
    <ClInclude Include="Class.h">
      <Filter>헤더 파일</Filter>
    </ClInclude>
    <ClInclude Include="Info.h">
      <Filter>헤더 파일</Filter>
    </ClInclude>
    <ClInclude Include="Score.h">
      <Filter>헤더 파일</Filter>
    </ClInclude>
    <ClInclude Include="TimeTable.h">
      <Filter>헤더 파일</Filter>
    </ClInclude>
    <ClInclude Include="Total.h">
      <Filter>헤더 파일</Filter>
    </ClInclude>
    <ClInclude Include="Food.h">
      <Filter>헤더 파일</Filter>
    </ClInclude>
    <ClInclude Include="Beverage.h">
      <Filter>헤더 파일</Filter>
    </ClInclude>
    <ClInclude Include="FoodIn.h">
      <Filter>헤더 파일</Filter>
    </ClInclude>
    <ClInclude Include="CafeInoid.h">
      <Filter>헤더 파일</Filter>
    </ClInclude>
    <ClInclude Include="JuicePop.h">
      <Filter>헤더 파일</Filter>
    </ClInclude>
    <ClInclude Include="Juicey.h">
      <Filter>헤더 파일</Filter>
    </ClInclude>
    <ClInclude Include="Momoth.h">
      <Filter>헤더 파일</Filter>
    </ClInclude>
    <ClInclude Include="BobFull.h">
      <Filter>헤더 파일</Filter>
    </ClInclude>
    <ClInclude Include="Cher.h">
      <Filter>헤더 파일</Filter>
    </ClInclude>
    <ClInclude Include="Namumi.h">
      <Filter>헤더 파일</Filter>
    </ClInclude>
    <ClInclude Include="Tongnamu.h">
      <Filter>헤더 파일</Filter>
    </ClInclude>
    <ClInclude Include="Convenience.h">
      <Filter>헤더 파일</Filter>
    </ClInclude>
    <ClInclude Include="Muto.h">
      <Filter>헤더 파일</Filter>
    </ClInclude>
    <ClInclude Include="Seoil.h">
      <Filter>헤더 파일</Filter>
    </ClInclude>
    <ClInclude Include="Sungwon.h">
      <Filter>헤더 파일</Filter>
    </ClInclude>
    <ClInclude Include="Youngjin.h">
      <Filter>헤더 파일</Filter>
    </ClInclude>
    <ClInclude Include="Shuttle.h">
      <Filter>헤더 파일</Filter>
    </ClInclude>
    <ClInclude Include="SchoolInfo.h">
      <Filter>헤더 파일</Filter>
    </ClInclude>
    <ClInclude Include="Bayang.h">
      <Filter>헤더 파일</Filter>
    </ClInclude>
    <ClInclude Include="Choil.h">
      <Filter>헤더 파일</Filter>
    </ClInclude>
    <ClInclude Include="Heung.h">
      <Filter>헤더 파일</Filter>
    </ClInclude>
    <ClInclude Include="Hochun.h">
      <Filter>헤더 파일</Filter>
    </ClInclude>
    <ClInclude Include="Jiduck.h">
      <Filter>헤더 파일</Filter>
    </ClInclude>
    <ClInclude Include="K.h">
      <Filter>헤더 파일</Filter>
    </ClInclude>
    <ClInclude Include="Library.h">
      <Filter>헤더 파일</Filter>
    </ClInclude>
    <ClInclude Include="Nuri.h">
      <Filter>헤더 파일</Filter>
    </ClInclude>
    <ClInclude Include="Sejong.h">
      <Filter>헤더 파일</Filter>
    </ClInclude>
    <ClInclude Include="Seoil2.h">
      <Filter>헤더 파일</Filter>
    </ClInclude>
    <ClInclude Include="J.h">
      <Filter>헤더 파일</Filter>
    </ClInclude>
  </ItemGroup>
  <ItemGroup>
    <ClCompile Include="SchoolLIfeProject.cpp">
      <Filter>소스 파일</Filter>
    </ClCompile>
    <ClCompile Include="SchoolLIfeProjectDlg.cpp">
      <Filter>소스 파일</Filter>
    </ClCompile>
    <ClCompile Include="stdafx.cpp">
      <Filter>소스 파일</Filter>
    </ClCompile>
    <ClCompile Include="Class.cpp">
      <Filter>소스 파일</Filter>
    </ClCompile>
    <ClCompile Include="Info.cpp">
      <Filter>소스 파일</Filter>
    </ClCompile>
    <ClCompile Include="Score.cpp">
      <Filter>소스 파일</Filter>
    </ClCompile>
    <ClCompile Include="TimeTable.cpp">
      <Filter>소스 파일</Filter>
    </ClCompile>
    <ClCompile Include="Total.cpp">
      <Filter>소스 파일</Filter>
    </ClCompile>
    <ClCompile Include="Food.cpp">
      <Filter>소스 파일</Filter>
    </ClCompile>
    <ClCompile Include="Beverage.cpp">
      <Filter>소스 파일</Filter>
    </ClCompile>
    <ClCompile Include="FoodIn.cpp">
      <Filter>소스 파일</Filter>
    </ClCompile>
    <ClCompile Include="CafeInoid.cpp">
      <Filter>소스 파일</Filter>
    </ClCompile>
    <ClCompile Include="JuicePop.cpp">
      <Filter>소스 파일</Filter>
    </ClCompile>
    <ClCompile Include="Juicey.cpp">
      <Filter>소스 파일</Filter>
    </ClCompile>
    <ClCompile Include="Momoth.cpp">
      <Filter>소스 파일</Filter>
    </ClCompile>
    <ClCompile Include="BobFull.cpp">
      <Filter>소스 파일</Filter>
    </ClCompile>
    <ClCompile Include="Cher.cpp">
      <Filter>소스 파일</Filter>
    </ClCompile>
    <ClCompile Include="Namumi.cpp">
      <Filter>소스 파일</Filter>
    </ClCompile>
    <ClCompile Include="Tongnamu.cpp">
      <Filter>소스 파일</Filter>
    </ClCompile>
    <ClCompile Include="Convenience.cpp">
      <Filter>소스 파일</Filter>
    </ClCompile>
    <ClCompile Include="Muto.cpp">
      <Filter>소스 파일</Filter>
    </ClCompile>
    <ClCompile Include="Seoil.cpp">
      <Filter>소스 파일</Filter>
    </ClCompile>
    <ClCompile Include="Sungwon.cpp">
      <Filter>소스 파일</Filter>
    </ClCompile>
    <ClCompile Include="Youngjin.cpp">
      <Filter>소스 파일</Filter>
    </ClCompile>
    <ClCompile Include="Shuttle.cpp">
      <Filter>소스 파일</Filter>
    </ClCompile>
    <ClCompile Include="SchoolInfo.cpp">
      <Filter>소스 파일</Filter>
    </ClCompile>
    <ClCompile Include="Bayang.cpp">
      <Filter>소스 파일</Filter>
    </ClCompile>
    <ClCompile Include="Choil.cpp">
      <Filter>소스 파일</Filter>
    </ClCompile>
    <ClCompile Include="Heung.cpp">
      <Filter>소스 파일</Filter>
    </ClCompile>
    <ClCompile Include="Hochun.cpp">
      <Filter>소스 파일</Filter>
    </ClCompile>
    <ClCompile Include="Jiduck.cpp">
      <Filter>소스 파일</Filter>
    </ClCompile>
    <ClCompile Include="K.cpp">
      <Filter>소스 파일</Filter>
    </ClCompile>
    <ClCompile Include="Library.cpp">
      <Filter>소스 파일</Filter>
    </ClCompile>
    <ClCompile Include="Nuri.cpp">
      <Filter>소스 파일</Filter>
    </ClCompile>
    <ClCompile Include="Sejong.cpp">
      <Filter>소스 파일</Filter>
    </ClCompile>
    <ClCompile Include="Seoil2.cpp">
      <Filter>소스 파일</Filter>
    </ClCompile>
    <ClCompile Include="J.cpp">
      <Filter>소스 파일</Filter>
    </ClCompile>
  </ItemGroup>
  <ItemGroup>
    <ResourceCompile Include="SchoolLIfeProject.rc">
      <Filter>리소스 파일</Filter>
    </ResourceCompile>
  </ItemGroup>
  <ItemGroup>
    <None Include="res\SchoolLIfeProject.rc2">
      <Filter>리소스 파일</Filter>
    </None>
  </ItemGroup>
  <ItemGroup>
    <Image Include="res\SchoolLIfeProject.ico">
      <Filter>리소스 파일</Filter>
    </Image>
    <Image Include="res\Toolbar.bmp">
      <Filter>리소스 파일</Filter>
    </Image>
    <Image Include="res\Toolbar256.bmp">
      <Filter>리소스 파일</Filter>
    </Image>
  </ItemGroup>
</Project>